
Microsoft Visual Studio Solution File, Format Version 12.00
# Visual Studio Version 17
VisualStudioVersion = 17.2.32616.157
MinimumVisualStudioVersion = 10.0.40219.1
Project("{888888A0-9F3D-457C-B088-3A5042F75D52}") = "VQ_VAE", "VQ_VAE.pyproj", "{D8BF43D2-1FAC-401F-9548-E08E54864FB4}"
EndProject
Global
	GlobalSection(SolutionConfigurationPlatforms) = preSolution
		Debug|Any CPU = Debug|Any CPU
		Release|Any CPU = Release|Any CPU
	EndGlobalSection
	GlobalSection(ProjectConfigurationPlatforms) = postSolution
		{D8BF43D2-1FAC-401F-9548-E08E54864FB4}.Debug|Any CPU.ActiveCfg = Debug|Any CPU
		{D8BF43D2-1FAC-401F-9548-E08E54864FB4}.Release|Any CPU.ActiveCfg = Release|Any CPU
	EndGlobalSection
	GlobalSection(SolutionProperties) = preSolution
		HideSolutionNode = FALSE
	EndGlobalSection
	GlobalSection(ExtensibilityGlobals) = postSolution
		SolutionGuid = {BDDAA5F8-706F-4E1E-9A74-F889F51F83DE}
	EndGlobalSection
EndGlobal
